
Microsoft Visual Studio Solution File, Format Version 12.00
# Visual Studio Version 17
VisualStudioVersion = 17.1.32328.378
MinimumVisualStudioVersion = 10.0.40219.1
Project("{8BC9CEB8-8B4A-11D0-8D11-00A0C91BC942}") = "ShellSort", "ShellSort\ShellSort.vcxproj", "{AFFB1706-D319-46A0-AC5F-F5EB3E714711}"
EndProject
Global
	GlobalSection(SolutionConfigurationPlatforms) = preSolution
		Debug|x64 = Debug|x64
		Debug|x86 = Debug|x86
		Release|x64 = Release|x64
		Release|x86 = Release|x86
	EndGlobalSection
	GlobalSection(ProjectConfigurationPlatforms) = postSolution
		{AFFB1706-D319-46A0-AC5F-F5EB3E714711}.Debug|x64.ActiveCfg = Debug|x64
		{AFFB1706-D319-46A0-AC5F-F5EB3E714711}.Debug|x64.Build.0 = Debug|x64
		{AFFB1706-D319-46A0-AC5F-F5EB3E714711}.Debug|x86.ActiveCfg = Debug|Win32
		{AFFB1706-D319-46A0-AC5F-F5EB3E714711}.Debug|x86.Build.0 = Debug|Win32
		{AFFB1706-D319-46A0-AC5F-F5EB3E714711}.Release|x64.ActiveCfg = Release|x64
		{AFFB1706-D319-46A0-AC5F-F5EB3E714711}.Release|x64.Build.0 = Release|x64
		{AFFB1706-D319-46A0-AC5F-F5EB3E714711}.Release|x86.ActiveCfg = Release|Win32
		{AFFB1706-D319-46A0-AC5F-F5EB3E714711}.Release|x86.Build.0 = Release|Win32
	EndGlobalSection
	GlobalSection(SolutionProperties) = preSolution
		HideSolutionNode = FALSE
	EndGlobalSection
	GlobalSection(ExtensibilityGlobals) = postSolution
		SolutionGuid = {03F84970-2137-41FD-A506-2678EBC6CF5A}
	EndGlobalSection
EndGlobal
